
Microsoft Visual Studio Solution File, Format Version 12.00
# Visual Studio 15
VisualStudioVersion = 15.0.25807.0
MinimumVisualStudioVersion = 10.0.40219.1
Project("{2150E333-8FDC-42A3-9474-1A3956D46DE8}") = "Engine", "Engine", "{D3746DA3-33E2-4202-B25E-7E4F5A5DA021}"
EndProject
Project("{2150E333-8FDC-42A3-9474-1A3956D46DE8}") = "Games", "Games", "{16B527C9-B302-4299-90BB-DA9A92DB0908}"
EndProject
Project("{8BC9CEB8-8B4A-11D0-8D11-00A0C91BC942}") = "UE4", "Intermediate\ProjectFiles\UE4.vcxproj", "{E05B6D91-1A90-457A-8119-8136294DE327}"
EndProject
Project("{8BC9CEB8-8B4A-11D0-8D11-00A0C91BC942}") = "BuildingEscape", "Intermediate\ProjectFiles\BuildingEscape.vcxproj", "{ED7A514F-B8F0-4941-9F4C-ADE0FF0099BA}"
EndProject
Project("{2150E333-8FDC-42A3-9474-1A3956D46DE8}") = "Visualizers", "Visualizers", "{463DD4C6-8690-4080-86C7-C14CDD30B7EB}"
	ProjectSection(SolutionItems) = preProject
		..\..\..\..\..\..\..\Program Files\Epic Games\UE_4.21\Engine\Extras\VisualStudioDebugging\UE4.natvis = ..\..\..\..\..\..\..\Program Files\Epic Games\UE_4.21\Engine\Extras\VisualStudioDebugging\UE4.natvis
	EndProjectSection
EndProject
Global
	GlobalSection(SolutionConfigurationPlatforms) = preSolution
		DebugGame Editor|HTML5 = DebugGame Editor|HTML5
		DebugGame Editor|Win32 = DebugGame Editor|Win32
		DebugGame Editor|Win64 = DebugGame Editor|Win64
		DebugGame|HTML5 = DebugGame|HTML5
		DebugGame|Win32 = DebugGame|Win32
		DebugGame|Win64 = DebugGame|Win64
		Development Editor|HTML5 = Development Editor|HTML5
		Development Editor|Win32 = Development Editor|Win32
		Development Editor|Win64 = Development Editor|Win64
		Development|HTML5 = Development|HTML5
		Development|Win32 = Development|Win32
		Development|Win64 = Development|Win64
		Shipping|HTML5 = Shipping|HTML5
		Shipping|Win32 = Shipping|Win32
		Shipping|Win64 = Shipping|Win64
	EndGlobalSection
	GlobalSection(ProjectConfigurationPlatforms) = postSolution
		{E05B6D91-1A90-457A-8119-8136294DE327}.DebugGame Editor|HTML5.ActiveCfg = BuiltWithUnrealBuildTool|Win32
		{E05B6D91-1A90-457A-8119-8136294DE327}.DebugGame Editor|Win32.ActiveCfg = BuiltWithUnrealBuildTool|Win32
		{E05B6D91-1A90-457A-8119-8136294DE327}.DebugGame Editor|Win64.ActiveCfg = BuiltWithUnrealBuildTool|Win32
		{E05B6D91-1A90-457A-8119-8136294DE327}.DebugGame|HTML5.ActiveCfg = BuiltWithUnrealBuildTool|Win32
		{E05B6D91-1A90-457A-8119-8136294DE327}.DebugGame|Win32.ActiveCfg = BuiltWithUnrealBuildTool|Win32
		{E05B6D91-1A90-457A-8119-8136294DE327}.DebugGame|Win64.ActiveCfg = BuiltWithUnrealBuildTool|Win32
		{E05B6D91-1A90-457A-8119-8136294DE327}.Development Editor|HTML5.ActiveCfg = BuiltWithUnrealBuildTool|Win32
		{E05B6D91-1A90-457A-8119-8136294DE327}.Development Editor|Win32.ActiveCfg = BuiltWithUnrealBuildTool|Win32
		{E05B6D91-1A90-457A-8119-8136294DE327}.Development Editor|Win64.ActiveCfg = BuiltWithUnrealBuildTool|Win32
		{E05B6D91-1A90-457A-8119-8136294DE327}.Development|HTML5.ActiveCfg = BuiltWithUnrealBuildTool|Win32
		{E05B6D91-1A90-457A-8119-8136294DE327}.Development|Win32.ActiveCfg = BuiltWithUnrealBuildTool|Win32
		{E05B6D91-1A90-457A-8119-8136294DE327}.Development|Win64.ActiveCfg = BuiltWithUnrealBuildTool|Win32
		{E05B6D91-1A90-457A-8119-8136294DE327}.Shipping|HTML5.ActiveCfg = BuiltWithUnrealBuildTool|Win32
		{E05B6D91-1A90-457A-8119-8136294DE327}.Shipping|Win32.ActiveCfg = BuiltWithUnrealBuildTool|Win32
		{E05B6D91-1A90-457A-8119-8136294DE327}.Shipping|Win64.ActiveCfg = BuiltWithUnrealBuildTool|Win32
		{ED7A514F-B8F0-4941-9F4C-ADE0FF0099BA}.DebugGame Editor|HTML5.ActiveCfg = Invalid|Win32
		{ED7A514F-B8F0-4941-9F4C-ADE0FF0099BA}.DebugGame Editor|Win32.ActiveCfg = Invalid|Win32
		{ED7A514F-B8F0-4941-9F4C-ADE0FF0099BA}.DebugGame Editor|Win64.ActiveCfg = DebugGame_Editor|x64
		{ED7A514F-B8F0-4941-9F4C-ADE0FF0099BA}.DebugGame Editor|Win64.Build.0 = DebugGame_Editor|x64
		{ED7A514F-B8F0-4941-9F4C-ADE0FF0099BA}.DebugGame|HTML5.ActiveCfg = HTML5_DebugGame|Win32
		{ED7A514F-B8F0-4941-9F4C-ADE0FF0099BA}.DebugGame|HTML5.Build.0 = HTML5_DebugGame|Win32
		{ED7A514F-B8F0-4941-9F4C-ADE0FF0099BA}.DebugGame|Win32.ActiveCfg = DebugGame|Win32
		{ED7A514F-B8F0-4941-9F4C-ADE0FF0099BA}.DebugGame|Win32.Build.0 = DebugGame|Win32
		{ED7A514F-B8F0-4941-9F4C-ADE0FF0099BA}.DebugGame|Win64.ActiveCfg = DebugGame|x64
		{ED7A514F-B8F0-4941-9F4C-ADE0FF0099BA}.DebugGame|Win64.Build.0 = DebugGame|x64
		{ED7A514F-B8F0-4941-9F4C-ADE0FF0099BA}.Development Editor|HTML5.ActiveCfg = Invalid|Win32
		{ED7A514F-B8F0-4941-9F4C-ADE0FF0099BA}.Development Editor|Win32.ActiveCfg = Invalid|Win32
		{ED7A514F-B8F0-4941-9F4C-ADE0FF0099BA}.Development Editor|Win64.ActiveCfg = Development_Editor|x64
		{ED7A514F-B8F0-4941-9F4C-ADE0FF0099BA}.Development Editor|Win64.Build.0 = Development_Editor|x64
		{ED7A514F-B8F0-4941-9F4C-ADE0FF0099BA}.Development|HTML5.ActiveCfg = HTML5_Development|Win32
		{ED7A514F-B8F0-4941-9F4C-ADE0FF0099BA}.Development|HTML5.Build.0 = HTML5_Development|Win32
		{ED7A514F-B8F0-4941-9F4C-ADE0FF0099BA}.Development|Win32.ActiveCfg = Development|Win32
		{ED7A514F-B8F0-4941-9F4C-ADE0FF0099BA}.Development|Win32.Build.0 = Development|Win32
		{ED7A514F-B8F0-4941-9F4C-ADE0FF0099BA}.Development|Win64.ActiveCfg = Development|x64
		{ED7A514F-B8F0-4941-9F4C-ADE0FF0099BA}.Development|Win64.Build.0 = Development|x64
		{ED7A514F-B8F0-4941-9F4C-ADE0FF0099BA}.Shipping|HTML5.ActiveCfg = HTML5_Shipping|Win32
		{ED7A514F-B8F0-4941-9F4C-ADE0FF0099BA}.Shipping|HTML5.Build.0 = HTML5_Shipping|Win32
		{ED7A514F-B8F0-4941-9F4C-ADE0FF0099BA}.Shipping|Win32.ActiveCfg = Shipping|Win32
		{ED7A514F-B8F0-4941-9F4C-ADE0FF0099BA}.Shipping|Win32.Build.0 = Shipping|Win32
		{ED7A514F-B8F0-4941-9F4C-ADE0FF0099BA}.Shipping|Win64.ActiveCfg = Shipping|x64
		{ED7A514F-B8F0-4941-9F4C-ADE0FF0099BA}.Shipping|Win64.Build.0 = Shipping|x64
	EndGlobalSection
	GlobalSection(SolutionProperties) = preSolution
		HideSolutionNode = FALSE
	EndGlobalSection
	GlobalSection(NestedProjects) = preSolution
		{E05B6D91-1A90-457A-8119-8136294DE327} = {D3746DA3-33E2-4202-B25E-7E4F5A5DA021}
		{ED7A514F-B8F0-4941-9F4C-ADE0FF0099BA} = {16B527C9-B302-4299-90BB-DA9A92DB0908}
	EndGlobalSection
EndGlobal
